
Microsoft Visual Studio Solution File, Format Version 12.00
# Visual Studio Version 16
VisualStudioVersion = 16.0.29911.84
MinimumVisualStudioVersion = 10.0.40219.1
Project("{FAE04EC0-301F-11D3-BF4B-00C04F79EFBC}") = "OnlineShop", "OnlineShop\OnlineShop.csproj", "{841A0783-76DE-428B-AE60-557A0C1DE84B}"
EndProject
Project("{FAE04EC0-301F-11D3-BF4B-00C04F79EFBC}") = "OnlineShopWebApiTest", "OnlineShopWebApiTest\OnlineShopWebApiTest.csproj", "{70248DD9-1944-4484-A664-DE8E933E32DB}"
EndProject
Global
	GlobalSection(SolutionConfigurationPlatforms) = preSolution
		Debug|Any CPU = Debug|Any CPU
		Release|Any CPU = Release|Any CPU
	EndGlobalSection
	GlobalSection(ProjectConfigurationPlatforms) = postSolution
		{841A0783-76DE-428B-AE60-557A0C1DE84B}.Debug|Any CPU.ActiveCfg = Debug|Any CPU
		{841A0783-76DE-428B-AE60-557A0C1DE84B}.Debug|Any CPU.Build.0 = Debug|Any CPU
		{841A0783-76DE-428B-AE60-557A0C1DE84B}.Release|Any CPU.ActiveCfg = Release|Any CPU
		{841A0783-76DE-428B-AE60-557A0C1DE84B}.Release|Any CPU.Build.0 = Release|Any CPU
		{70248DD9-1944-4484-A664-DE8E933E32DB}.Debug|Any CPU.ActiveCfg = Debug|Any CPU
		{70248DD9-1944-4484-A664-DE8E933E32DB}.Debug|Any CPU.Build.0 = Debug|Any CPU
		{70248DD9-1944-4484-A664-DE8E933E32DB}.Release|Any CPU.ActiveCfg = Release|Any CPU
		{70248DD9-1944-4484-A664-DE8E933E32DB}.Release|Any CPU.Build.0 = Release|Any CPU
	EndGlobalSection
	GlobalSection(SolutionProperties) = preSolution
		HideSolutionNode = FALSE
	EndGlobalSection
	GlobalSection(ExtensibilityGlobals) = postSolution
		SolutionGuid = {93B01D41-DB6D-4E1B-8C9D-21B7A89CF039}
	EndGlobalSection
EndGlobal
